
Microsoft Visual Studio Solution File, Format Version 12.00
# Visual Studio Version 16
VisualStudioVersion = 16.0.32106.194
MinimumVisualStudioVersion = 10.0.40219.1
Project("{9A19103F-16F7-4668-BE54-9A1E7A4F7556}") = "SportsStore.Tests", "SportsStore.Tests\SportsStore.Tests.csproj", "{DB70C7D7-A571-4C3C-B085-4A41F66E3393}"
EndProject
Project("{9A19103F-16F7-4668-BE54-9A1E7A4F7556}") = "SportsStore", "SportsStore\SportsStore.csproj", "{CACD908B-E0BA-4E5A-A02D-CEFEC366B9B9}"
EndProject
Global
	GlobalSection(SolutionConfigurationPlatforms) = preSolution
		Debug|Any CPU = Debug|Any CPU
		Release|Any CPU = Release|Any CPU
	EndGlobalSection
	GlobalSection(ProjectConfigurationPlatforms) = postSolution
		{DB70C7D7-A571-4C3C-B085-4A41F66E3393}.Debug|Any CPU.ActiveCfg = Debug|Any CPU
		{DB70C7D7-A571-4C3C-B085-4A41F66E3393}.Debug|Any CPU.Build.0 = Debug|Any CPU
		{DB70C7D7-A571-4C3C-B085-4A41F66E3393}.Release|Any CPU.ActiveCfg = Release|Any CPU
		{DB70C7D7-A571-4C3C-B085-4A41F66E3393}.Release|Any CPU.Build.0 = Release|Any CPU
		{CACD908B-E0BA-4E5A-A02D-CEFEC366B9B9}.Debug|Any CPU.ActiveCfg = Debug|Any CPU
		{CACD908B-E0BA-4E5A-A02D-CEFEC366B9B9}.Debug|Any CPU.Build.0 = Debug|Any CPU
		{CACD908B-E0BA-4E5A-A02D-CEFEC366B9B9}.Release|Any CPU.ActiveCfg = Release|Any CPU
		{CACD908B-E0BA-4E5A-A02D-CEFEC366B9B9}.Release|Any CPU.Build.0 = Release|Any CPU
	EndGlobalSection
	GlobalSection(SolutionProperties) = preSolution
		HideSolutionNode = FALSE
	EndGlobalSection
	GlobalSection(ExtensibilityGlobals) = postSolution
		SolutionGuid = {278C85C8-ACF4-4FA3-90EF-28C37F5FD4ED}
	EndGlobalSection
EndGlobal
